<?xml version="1.0" encoding="utf-8"?>
<Project ToolsVersion="4.0" xmlns="http://schemas.microsoft.com/developer/msbuild/2003">
  <ItemGroup>
    <Filter Include="Source Files">
      <UniqueIdentifier>{ab5ec488-c393-4729-a730-c81ac4dbc7a7}</UniqueIdentifier>
    </Filter>
    <Filter Include="Header Files">
      <UniqueIdentifier>{271bea9b-d331-4b53-bb48-cb6e8d477885}</UniqueIdentifier>
    </Filter>
  </ItemGroup>
  <ItemGroup>
    <ClCompile Include="JN_Main.cpp">
      <Filter>Source Files</Filter>
    </ClCompile>
    <ClCompile Include="JN_Logging.cpp">
      <Filter>Source Files</Filter>
    </ClCompile>
    <ClCompile Include="JN_Game.cpp">
      <Filter>Source Files</Filter>
    </ClCompile>
    <ClCompile Include="JN_FrameLock.cpp">
      <Filter>Source Files</Filter>
    </ClCompile>
    <ClCompile Include="JN_Application.cpp">
      <Filter>Source Files</Filter>
    </ClCompile>
    <ClCompile Include="JN_Triangle.cpp">
      <Filter>Source Files</Filter>
    </ClCompile>
    <ClCompile Include="JN_Shader.cpp">
      <Filter>Source Files</Filter>
    </ClCompile>
    <ClCompile Include="JN_Player.cpp">
      <Filter>Source Files</Filter>
    </ClCompile>
    <ClCompile Include="JN_Texture.cpp">
      <Filter>Source Files</Filter>
    </ClCompile>
    <ClCompile Include="JN_Transfom.cpp">
      <Filter>Source Files</Filter>
    </ClCompile>
  </ItemGroup>
  <ItemGroup>
    <ClInclude Include="JN_Logging.h">
      <Filter>Header Files</Filter>
    </ClInclude>
    <ClInclude Include="JN_Game.h">
      <Filter>Header Files</Filter>
    </ClInclude>
    <ClInclude Include="JN_FrameLock.h">
      <Filter>Header Files</Filter>
    </ClInclude>
    <ClInclude Include="JN_Application.h">
      <Filter>Header Files</Filter>
    </ClInclude>
    <ClInclude Include="JN_Triangle.h">
      <Filter>Header Files</Filter>
    </ClInclude>
    <ClInclude Include="JN_Shader.h">
      <Filter>Header Files</Filter>
    </ClInclude>
    <ClInclude Include="JN_Player.h">
      <Filter>Header Files</Filter>
    </ClInclude>
    <ClInclude Include="JN_Texture.h">
      <Filter>Header Files</Filter>
    </ClInclude>
    <ClInclude Include="JN_Transform.h">
      <Filter>Header Files</Filter>
    </ClInclude>
  </ItemGroup>
  <ItemGroup>
    <None Include="packages.config" />
  </ItemGroup>
</Project>